// !$*UTF8*$!
{
	archiveVersion = 1;
	classes = {
	};
	objectVersion = 50;
	objects = {

/* Begin PBXBuildFile section */
		30FCE4C32175E44600CB4A21 /* AnyChart_iOS.framework in Frameworks */ = {isa = PBXBuildFile; fileRef = 30FCE4B92175E44600CB4A21 /* AnyChart_iOS.framework */; };
		30FCE4C82175E44600CB4A21 /* AnyChart_iOSTests.swift in Sources */ = {isa = PBXBuildFile; fileRef = 30FCE4C72175E44600CB4A21 /* AnyChart_iOSTests.swift */; };
		30FCE4CA2175E44600CB4A21 /* AnyChart_iOS.h in Headers */ = {isa = PBXBuildFile; fileRef = 30FCE4BC2175E44600CB4A21 /* AnyChart_iOS.h */; settings = {ATTRIBUTES = (Public, ); }; };
/* End PBXBuildFile section */

/* Begin PBXContainerItemProxy section */
		30FCE4C42175E44600CB4A21 /* PBXContainerItemProxy */ = {
			isa = PBXContainerItemProxy;
			containerPortal = 30FCE4B02175E44600CB4A21 /* Project object */;
			proxyType = 1;
			remoteGlobalIDString = 30FCE4B82175E44600CB4A21;
			remoteInfo = "AnyChart-iOS";
		};
/* End PBXContainerItemProxy section */

/* Begin PBXFileReference section */
		30FCE4B92175E44600CB4A21 /* AnyChart_iOS.framework */ = {isa = PBXFileReference; explicitFileType = wrapper.framework; includeInIndex = 0; path = AnyChart_iOS.framework; sourceTree = BUILT_PRODUCTS_DIR; };
		30FCE4BC2175E44600CB4A21 /* AnyChart_iOS.h */ = {isa = PBXFileReference; lastKnownFileType = sourcecode.c.h; path = AnyChart_iOS.h; sourceTree = "<group>"; };
		30FCE4BD2175E44600CB4A21 /* Info.plist */ = {isa = PBXFileReference; lastKnownFileType = text.plist.xml; path = Info.plist; sourceTree = "<group>"; };
		30FCE4C22175E44600CB4A21 /* AnyChart-iOSTests.xctest */ = {isa = PBXFileReference; explicitFileType = wrapper.cfbundle; includeInIndex = 0; path = "AnyChart-iOSTests.xctest"; sourceTree = BUILT_PRODUCTS_DIR; };
		30FCE4C72175E44600CB4A21 /* AnyChart_iOSTests.swift */ = {isa = PBXFileReference; lastKnownFileType = sourcecode.swift; path = AnyChart_iOSTests.swift; sourceTree = "<group>"; };
		30FCE4C92175E44600CB4A21 /* Info.plist */ = {isa = PBXFileReference; lastKnownFileType = text.plist.xml; path = Info.plist; sourceTree = "<group>"; };
/* End PBXFileReference section */

/* Begin PBXFrameworksBuildPhase section */
		30FCE4B62175E44600CB4A21 /* Frameworks */ = {
			isa = PBXFrameworksBuildPhase;
			buildActionMask = 2147483647;
			files = (
			);
			runOnlyForDeploymentPostprocessing = 0;
		};
		30FCE4BF2175E44600CB4A21 /* Frameworks */ = {
			isa = PBXFrameworksBuildPhase;
			buildActionMask = 2147483647;
			files = (
				30FCE4C32175E44600CB4A21 /* AnyChart_iOS.framework in Frameworks */,
			);
			runOnlyForDeploymentPostprocessing = 0;
		};
/* End PBXFrameworksBuildPhase section */

/* Begin PBXGroup section */
		30FCE4AF2175E44600CB4A21 = {
			isa = PBXGroup;
			children = (
				30FCE4BB2175E44600CB4A21 /* AnyChart-iOS */,
				30FCE4C62175E44600CB4A21 /* AnyChart-iOSTests */,
				30FCE4BA2175E44600CB4A21 /* Products */,
			);
			sourceTree = "<group>";
		};
		30FCE4BA2175E44600CB4A21 /* Products */ = {
			isa = PBXGroup;
			children = (
				30FCE4B92175E44600CB4A21 /* AnyChart_iOS.framework */,
				30FCE4C22175E44600CB4A21 /* AnyChart-iOSTests.xctest */,
			);
			name = Products;
			sourceTree = "<group>";
		};
		30FCE4BB2175E44600CB4A21 /* AnyChart-iOS */ = {
			isa = PBXGroup;
			children = (
				30FCE4BC2175E44600CB4A21 /* AnyChart_iOS.h */,
				30FCE4BD2175E44600CB4A21 /* Info.plist */,
			);
			path = "AnyChart-iOS";
			sourceTree = "<group>";
		};
		30FCE4C62175E44600CB4A21 /* AnyChart-iOSTests */ = {
			isa = PBXGroup;
			children = (
				30FCE4C72175E44600CB4A21 /* AnyChart_iOSTests.swift */,
				30FCE4C92175E44600CB4A21 /* Info.plist */,
			);
			path = "AnyChart-iOSTests";
			sourceTree = "<group>";
		};
/* End PBXGroup section */

/* Begin PBXHeadersBuildPhase section */
		30FCE4B42175E44600CB4A21 /* Headers */ = {
			isa = PBXHeadersBuildPhase;
			buildActionMask = 2147483647;
			files = (
				30FCE4CA2175E44600CB4A21 /* AnyChart_iOS.h in Headers */,
			);
			runOnlyForDeploymentPostprocessing = 0;
		};
/* End PBXHeadersBuildPhase section */

/* Begin PBXNativeTarget section */
		30FCE4B82175E44600CB4A21 /* AnyChart-iOS */ = {
			isa = PBXNativeTarget;
			buildConfigurationList = 30FCE4CD2175E44600CB4A21 /* Build configuration list for PBXNativeTarget "AnyChart-iOS" */;
			buildPhases = (
				30FCE4B42175E44600CB4A21 /* Headers */,
				30FCE4B52175E44600CB4A21 /* Sources */,
				30FCE4B62175E44600CB4A21 /* Frameworks */,
				30FCE4B72175E44600CB4A21 /* Resources */,
			);
			buildRules = (
			);
			dependencies = (
			);
			name = "AnyChart-iOS";
			productName = "AnyChart-iOS";
			productReference = 30FCE4B92175E44600CB4A21 /* AnyChart_iOS.framework */;
			productType = "com.apple.product-type.framework";
		};
		30FCE4C12175E44600CB4A21 /* AnyChart-iOSTests */ = {
			isa = PBXNativeTarget;
			buildConfigurationList = 30FCE4D02175E44600CB4A21 /* Build configuration list for PBXNativeTarget "AnyChart-iOSTests" */;
			buildPhases = (
				30FCE4BE2175E44600CB4A21 /* Sources */,
				30FCE4BF2175E44600CB4A21 /* Frameworks */,
				30FCE4C02175E44600CB4A21 /* Resources */,
			);
			buildRules = (
			);
			dependencies = (
				30FCE4C52175E44600CB4A21 /* PBXTargetDependency */,
			);
			name = "AnyChart-iOSTests";
			productName = "AnyChart-iOSTests";
			productReference = 30FCE4C22175E44600CB4A21 /* AnyChart-iOSTests.xctest */;
			productType = "com.apple.product-type.bundle.unit-test";
		};
/* End PBXNativeTarget section */

/* Begin PBXProject section */
		30FCE4B02175E44600CB4A21 /* Project object */ = {
			isa = PBXProject;
			attributes = {
				LastSwiftUpdateCheck = 1000;
				LastUpgradeCheck = 1000;
				ORGANIZATIONNAME = AnyChart;
				TargetAttributes = {
					30FCE4B82175E44600CB4A21 = {
						CreatedOnToolsVersion = 10.0;
					};
					30FCE4C12175E44600CB4A21 = {
						CreatedOnToolsVersion = 10.0;
					};
				};
			};
			buildConfigurationList = 30FCE4B32175E44600CB4A21 /* Build configuration list for PBXProject "AnyChart-iOS" */;
			compatibilityVersion = "Xcode 9.3";
			developmentRegion = en;
			hasScannedForEncodings = 0;
			knownRegions = (
				en,
			);
			mainGroup = 30FCE4AF2175E44600CB4A21;
			productRefGroup = 30FCE4BA2175E44600CB4A21 /* Products */;
			projectDirPath = "";
			projectRoot = "";
			targets = (
				30FCE4B82175E44600CB4A21 /* AnyChart-iOS */,
				30FCE4C12175E44600CB4A21 /* AnyChart-iOSTests */,
			);
		};
/* End PBXProject section */

/* Begin PBXResourcesBuildPhase section */
		30FCE4B72175E44600CB4A21 /* Resources */ = {
			isa = PBXResourcesBuildPhase;
			buildActionMask = 2147483647;
			files = (
			);
			runOnlyForDeploymentPostprocessing = 0;
		};
		30FCE4C02175E44600CB4A21 /* Resources */ = {
			isa = PBXResourcesBuildPhase;
			buildActionMask = 2147483647;
			files = (
			);
			runOnlyForDeploymentPostprocessing = 0;
		};
/* End PBXResourcesBuildPhase section */

/* Begin PBXSourcesBuildPhase section */
		30FCE4B52175E44600CB4A21 /* Sources */ = {
			isa = PBXSourcesBuildPhase;
			buildActionMask = 2147483647;
			files = (
			);
			runOnlyForDeploymentPostprocessing = 0;
		};
		30FCE4BE2175E44600CB4A21 /* Sources */ = {
			isa = PBXSourcesBuildPhase;
			buildActionMask = 2147483647;
			files = (
				30FCE4C82175E44600CB4A21 /* AnyChart_iOSTests.swift in Sources */,
			);
			runOnlyForDeploymentPostprocessing = 0;
		};
/* End PBXSourcesBuildPhase section */

/* Begin PBXTargetDependency section */
		30FCE4C52175E44600CB4A21 /* PBXTargetDependency */ = {
			isa = PBXTargetDependency;
			target = 30FCE4B82175E44600CB4A21 /* AnyChart-iOS */;
			targetProxy = 30FCE4C42175E44600CB4A21 /* PBXContainerItemProxy */;
		};
/* End PBXTargetDependency section */

/* Begin XCBuildConfiguration section */
		30FCE4CB2175E44600CB4A21 /* Debug */ = {
			isa = XCBuildConfiguration;
			buildSettings = {
				ALWAYS_SEARCH_USER_PATHS = NO;
				CLANG_ANALYZER_NONNULL = YES;
				CLANG_ANALYZER_NUMBER_OBJECT_CONVERSION = YES_AGGRESSIVE;
				CLANG_CXX_LANGUAGE_STANDARD = "gnu++14";
				CLANG_CXX_LIBRARY = "libc++";
				CLANG_ENABLE_MODULES = YES;
				CLANG_ENABLE_OBJC_ARC = YES;
				CLANG_ENABLE_OBJC_WEAK = YES;
				CLANG_WARN_BLOCK_CAPTURE_AUTORELEASING = YES;
				CLANG_WARN_BOOL_CONVERSION = YES;
				CLANG_WARN_COMMA = YES;
				CLANG_WARN_CONSTANT_CONVERSION = YES;
				CLANG_WARN_DEPRECATED_OBJC_IMPLEMENTATIONS = YES;
				CLANG_WARN_DIRECT_OBJC_ISA_USAGE = YES_ERROR;
				CLANG_WARN_DOCUMENTATION_COMMENTS = YES;
				CLANG_WARN_EMPTY_BODY = YES;
				CLANG_WARN_ENUM_CONVERSION = YES;
				CLANG_WARN_INFINITE_RECURSION = YES;
				CLANG_WARN_INT_CONVERSION = YES;
				CLANG_WARN_NON_LITERAL_NULL_CONVERSION = YES;
				CLANG_WARN_OBJC_IMPLICIT_RETAIN_SELF = YES;
				CLANG_WARN_OBJC_LITERAL_CONVERSION = YES;
				CLANG_WARN_OBJC_ROOT_CLASS = YES_ERROR;
				CLANG_WARN_RANGE_LOOP_ANALYSIS = YES;
				CLANG_WARN_STRICT_PROTOTYPES = YES;
				CLANG_WARN_SUSPICIOUS_MOVE = YES;
				CLANG_WARN_UNGUARDED_AVAILABILITY = YES_AGGRESSIVE;
				CLANG_WARN_UNREACHABLE_CODE = YES;
				CLANG_WARN__DUPLICATE_METHOD_MATCH = YES;
				CODE_SIGN_IDENTITY = "iPhone Developer";
				COPY_PHASE_STRIP = NO;
				CURRENT_PROJECT_VERSION = 1;
				DEBUG_INFORMATION_FORMAT = dwarf;
				ENABLE_STRICT_OBJC_MSGSEND = YES;
				ENABLE_TESTABILITY = YES;
				GCC_C_LANGUAGE_STANDARD = gnu11;
				GCC_DYNAMIC_NO_PIC = NO;
				GCC_NO_COMMON_BLOCKS = YES;
				GCC_OPTIMIZATION_LEVEL = 0;
				GCC_PREPROCESSOR_DEFINITIONS = (
					"DEBUG=1",
					"$(inherited)",
				);
				GCC_WARN_64_TO_32_BIT_CONVERSION = YES;
				GCC_WARN_ABOUT_RETURN_TYPE = YES_ERROR;
				GCC_WARN_UNDECLARED_SELECTOR = YES;
				GCC_WARN_UNINITIALIZED_AUTOS = YES_AGGRESSIVE;
				GCC_WARN_UNUSED_FUNCTION = YES;
				GCC_WARN_UNUSED_VARIABLE = YES;
				IPHONEOS_DEPLOYMENT_TARGET = 12.0;
				MTL_ENABLE_DEBUG_INFO = INCLUDE_SOURCE;
				MTL_FAST_MATH = YES;
				ONLY_ACTIVE_ARCH = YES;
				SDKROOT = iphoneos;
				SWIFT_ACTIVE_COMPILATION_CONDITIONS = DEBUG;
				SWIFT_OPTIMIZATION_LEVEL = "-Onone";
				VERSIONING_SYSTEM = "apple-generic";
				VERSION_INFO_PREFIX = "";
			};
			name = Debug;
		};
		30FCE4CC2175E44600CB4A21 /* Release */ = {
			isa = XCBuildConfiguration;
			buildSettings = {
				ALWAYS_SEARCH_USER_PATHS = NO;
				CLANG_ANALYZER_NONNULL = YES;
				CLANG_ANALYZER_NUMBER_OBJECT_CONVERSION = YES_AGGRESSIVE;
				CLANG_CXX_LANGUAGE_STANDARD = "gnu++14";
				CLANG_CXX_LIBRARY = "libc++";
				CLANG_ENABLE_MODULES = YES;
				CLANG_ENABLE_OBJC_ARC = YES;
				CLANG_ENABLE_OBJC_WEAK = YES;
				CLANG_WARN_BLOCK_CAPTURE_AUTORELEASING = YES;
				CLANG_WARN_BOOL_CONVERSION = YES;
				CLANG_WARN_COMMA = YES;
				CLANG_WARN_CONSTANT_CONVERSION = YES;
				CLANG_WARN_DEPRECATED_OBJC_IMPLEMENTATIONS = YES;
				CLANG_WARN_DIRECT_OBJC_ISA_USAGE = YES_ERROR;
				CLANG_WARN_DOCUMENTATION_COMMENTS = YES;
				CLANG_WARN_EMPTY_BODY = YES;
				CLANG_WARN_ENUM_CONVERSION = YES;
				CLANG_WARN_INFINITE_RECURSION = YES;
				CLANG_WARN_INT_CONVERSION = YES;
				CLANG_WARN_NON_LITERAL_NULL_CONVERSION = YES;
				CLANG_WARN_OBJC_IMPLICIT_RETAIN_SELF = YES;
				CLANG_WARN_OBJC_LITERAL_CONVERSION = YES;
				CLANG_WARN_OBJC_ROOT_CLASS = YES_ERROR;
				CLANG_WARN_RANGE_LOOP_ANALYSIS = YES;
				CLANG_WARN_STRICT_PROTOTYPES = YES;
				CLANG_WARN_SUSPICIOUS_MOVE = YES;
				CLANG_WARN_UNGUARDED_AVAILABILITY = YES_AGGRESSIVE;
				CLANG_WARN_UNREACHABLE_CODE = YES;
				CLANG_WARN__DUPLICATE_METHOD_MATCH = YES;
				CODE_SIGN_IDENTITY = "iPhone Developer";
				COPY_PHASE_STRIP = NO;
				CURRENT_PROJECT_VERSION = 1;
				DEBUG_INFORMATION_FORMAT = "dwarf-with-dsym";
				ENABLE_NS_ASSERTIONS = NO;
				ENABLE_STRICT_OBJC_MSGSEND = YES;
				GCC_C_LANGUAGE_STANDARD = gnu11;
				GCC_NO_COMMON_BLOCKS = YES;
				GCC_WARN_64_TO_32_BIT_CONVERSION = YES;
				GCC_WARN_ABOUT_RETURN_TYPE = YES_ERROR;
				GCC_WARN_UNDECLARED_SELECTOR = YES;
				GCC_WARN_UNINITIALIZED_AUTOS = YES_AGGRESSIVE;
				GCC_WARN_UNUSED_FUNCTION = YES;
				GCC_WARN_UNUSED_VARIABLE = YES;
				IPHONEOS_DEPLOYMENT_TARGET = 12.0;
				MTL_ENABLE_DEBUG_INFO = NO;
				MTL_FAST_MATH = YES;
				SDKROOT = iphoneos;
				SWIFT_COMPILATION_MODE = wholemodule;
				SWIFT_OPTIMIZATION_LEVEL = "-O";
				VALIDATE_PRODUCT = YES;
				VERSIONING_SYSTEM = "apple-generic";
				VERSION_INFO_PREFIX = "";
			};
			name = Release;
		};
		30FCE4CE2175E44600CB4A21 /* Debug */ = {
			isa = XCBuildConfiguration;
			buildSettings = {
				CODE_SIGN_IDENTITY = "";
				CODE_SIGN_STYLE = Automatic;
				DEFINES_MODULE = YES;
				DEVELOPMENT_TEAM = 67CB2N762W;
				DYLIB_COMPATIBILITY_VERSION = 1;
				DYLIB_CURRENT_VERSION = 1;
				DYLIB_INSTALL_NAME_BASE = "@rpath";
				INFOPLIST_FILE = "AnyChart-iOS/Info.plist";
				INSTALL_PATH = "$(LOCAL_LIBRARY_DIR)/Frameworks";
				LD_RUNPATH_SEARCH_PATHS = (
					"$(inherited)",
					"@executable_path/Frameworks",
					"@loader_path/Frameworks",
				);
				PRODUCT_BUNDLE_IDENTIFIER = "com.anychart.AnyChart-iOS";
				PRODUCT_NAME = "$(TARGET_NAME:c99extidentifier)";
				SKIP_INSTALL = YES;
				SWIFT_VERSION = 4.2;
				TARGETED_DEVICE_FAMILY = "1,2";
			};
			name = Debug;
		};
		30FCE4CF2175E44600CB4A21 /* Release */ = {
			isa = XCBuildConfiguration;
			buildSettings = {
				CODE_SIGN_IDENTITY = "";
				CODE_SIGN_STYLE = Automatic;
				DEFINES_MODULE = YES;
				DEVELOPMENT_TEAM = 67CB2N762W;
				DYLIB_COMPATIBILITY_VERSION = 1;
				DYLIB_CURRENT_VERSION = 1;
				DYLIB_INSTALL_NAME_BASE = "@rpath";
				INFOPLIST_FILE = "AnyChart-iOS/Info.plist";
				INSTALL_PATH = "$(LOCAL_LIBRARY_DIR)/Frameworks";
				LD_RUNPATH_SEARCH_PATHS = (
					"$(inherited)",
					"@executable_path/Frameworks",
					"@loader_path/Frameworks",
				);
				PRODUCT_BUNDLE_IDENTIFIER = "com.anychart.AnyChart-iOS";
				PRODUCT_NAME = "$(TARGET_NAME:c99extidentifier)";
				SKIP_INSTALL = YES;
				SWIFT_VERSION = 4.2;
				TARGETED_DEVICE_FAMILY = "1,2";
			};
			name = Release;
		};
		30FCE4D12175E44600CB4A21 /* Debug */ = {
			isa = XCBuildConfiguration;
			buildSettings = {
				CODE_SIGN_STYLE = Automatic;
				DEVELOPMENT_TEAM = 67CB2N762W;
				INFOPLIST_FILE = "AnyChart-iOSTests/Info.plist";
				LD_RUNPATH_SEARCH_PATHS = (
					"$(inherited)",
					"@executable_path/Frameworks",
					"@loader_path/Frameworks",
				);
				PRODUCT_BUNDLE_IDENTIFIER = "com.anychart.AnyChart-iOSTests";
				PRODUCT_NAME = "$(TARGET_NAME)";
				SWIFT_VERSION = 4.2;
				TARGETED_DEVICE_FAMILY = "1,2";
			};
			name = Debug;
		};
		30FCE4D22175E44600CB4A21 /* Release */ = {
			isa = XCBuildConfiguration;
			buildSettings = {
				CODE_SIGN_STYLE = Automatic;
				DEVELOPMENT_TEAM = 67CB2N762W;
				INFOPLIST_FILE = "AnyChart-iOSTests/Info.plist";
				LD_RUNPATH_SEARCH_PATHS = (
					"$(inherited)",
					"@executable_path/Frameworks",
					"@loader_path/Frameworks",
				);
				PRODUCT_BUNDLE_IDENTIFIER = "com.anychart.AnyChart-iOSTests";
				PRODUCT_NAME = "$(TARGET_NAME)";
				SWIFT_VERSION = 4.2;
				TARGETED_DEVICE_FAMILY = "1,2";
			};
			name = Release;
		};
/* End XCBuildConfiguration section */

/* Begin XCConfigurationList section */
		30FCE4B32175E44600CB4A21 /* Build configuration list for PBXProject "AnyChart-iOS" */ = {
			isa = XCConfigurationList;
			buildConfigurations = (
				30FCE4CB2175E44600CB4A21 /* Debug */,
				30FCE4CC2175E44600CB4A21 /* Release */,
			);
			defaultConfigurationIsVisible = 0;
			defaultConfigurationName = Release;
		};
		30FCE4CD2175E44600CB4A21 /* Build configuration list for PBXNativeTarget "AnyChart-iOS" */ = {
			isa = XCConfigurationList;
			buildConfigurations = (
				30FCE4CE2175E44600CB4A21 /* Debug */,
				30FCE4CF2175E44600CB4A21 /* Release */,
			);
			defaultConfigurationIsVisible = 0;
			defaultConfigurationName = Release;
		};
		30FCE4D02175E44600CB4A21 /* Build configuration list for PBXNativeTarget "AnyChart-iOSTests" */ = {
			isa = XCConfigurationList;
			buildConfigurations = (
				30FCE4D12175E44600CB4A21 /* Debug */,
				30FCE4D22175E44600CB4A21 /* Release */,
			);
			defaultConfigurationIsVisible = 0;
			defaultConfigurationName = Release;
		};
/* End XCConfigurationList section */
	};
	rootObject = 30FCE4B02175E44600CB4A21 /* Project object */;
}
